
Microsoft Visual Studio Solution File, Format Version 12.00
# Visual Studio 2012
Project("{8BC9CEB8-8B4A-11D0-8D11-00A0C91BC942}") = "OpenCL_Sample", "OpenCL_Sample\OpenCL_Sample.vcxproj", "{630A889D-A66B-4630-AB60-626EA53DCB2D}"
EndProject
Global
	GlobalSection(SolutionConfigurationPlatforms) = preSolution
		Debug|Win32 = Debug|Win32
		Release|Win32 = Release|Win32
	EndGlobalSection
	GlobalSection(ProjectConfigurationPlatforms) = postSolution
		{630A889D-A66B-4630-AB60-626EA53DCB2D}.Debug|Win32.ActiveCfg = Debug|Win32
		{630A889D-A66B-4630-AB60-626EA53DCB2D}.Debug|Win32.Build.0 = Debug|Win32
		{630A889D-A66B-4630-AB60-626EA53DCB2D}.Release|Win32.ActiveCfg = Release|Win32
		{630A889D-A66B-4630-AB60-626EA53DCB2D}.Release|Win32.Build.0 = Release|Win32
	EndGlobalSection
	GlobalSection(SolutionProperties) = preSolution
		HideSolutionNode = FALSE
	EndGlobalSection
EndGlobal
